
Microsoft Visual Studio Solution File, Format Version 12.00
# Visual Studio Version 16
VisualStudioVersion = 16.0.31613.86
MinimumVisualStudioVersion = 10.0.40219.1
Project("{FAE04EC0-301F-11D3-BF4B-00C04F79EFBC}") = "San4oClient", "San4oClient.csproj", "{80BA5301-9457-43AC-90DD-A92B79F75470}"
EndProject
Global
	GlobalSection(SolutionConfigurationPlatforms) = preSolution
		Debug|Any CPU = Debug|Any CPU
		Release|Any CPU = Release|Any CPU
	EndGlobalSection
	GlobalSection(ProjectConfigurationPlatforms) = postSolution
		{80BA5301-9457-43AC-90DD-A92B79F75470}.Debug|Any CPU.ActiveCfg = Debug|Any CPU
		{80BA5301-9457-43AC-90DD-A92B79F75470}.Debug|Any CPU.Build.0 = Debug|Any CPU
		{80BA5301-9457-43AC-90DD-A92B79F75470}.Release|Any CPU.ActiveCfg = Release|Any CPU
		{80BA5301-9457-43AC-90DD-A92B79F75470}.Release|Any CPU.Build.0 = Release|Any CPU
	EndGlobalSection
	GlobalSection(SolutionProperties) = preSolution
		HideSolutionNode = FALSE
	EndGlobalSection
	GlobalSection(ExtensibilityGlobals) = postSolution
		SolutionGuid = {E1629D44-BF8C-48E1-9EA8-3AE324FDA974}
	EndGlobalSection
EndGlobal
